{
    "_meta": {
        "hash": {
            "sha256": "20dcd94b49d2f6f6aeac85277f7969cb5f765a08ac93d655a5f0860c3e89c8ae"
        },
        "pipfile-spec": 6,
        "requires": {},
        "sources": [
            {
                "name": "pypi",
                "url": "https://pypi.python.org/simple",
                "verify_ssl": true
            }
        ]
    },
    "default": {
        "django": {
            "hashes": [
                "sha256:85e62019366692f1d5afed946ca32fef34c8693edf342ac9d067d75d64faf0ac",
                "sha256:dfa537267d52c6243a62b32855a744ca83c37c70600aacffbfd98bc5d6d8518f"
            ],
            "index": "pypi",
            "version": "==2.2.26"
        },
        "django-mdeditor": {
            "hashes": [
                "sha256:2db880729bd166dfd678d4d40b20346f34d9f326a71b3970befbf45e3d89723d"
            ],
            "index": "pypi",
            "version": "==0.1.12"
        },
        "pytz": {
            "hashes": [
                "sha256:3672058bc3453457b622aab7a1c3bfd5ab0bdae451512f6cf25f64ed37f5b87c",
                "sha256:acad2d8b20a1af07d4e4c9d2e9285c5ed9104354062f275f3fcd88dcef4f1326"
            ],
            "version": "==2021.3"
        },
        "sqlparse": {
            "hashes": [
                "sha256:0c00730c74263a94e5a9919ade150dfc3b19c574389985446148402998287dae",
                "sha256:48719e356bb8b42991bdbb1e8b83223757b93789c00910a616a071910ca4a64d"
            ],
            "markers": "python_version >= '3.5'",
            "version": "==0.4.2"
        }
    },
    "develop": {}
}
